// !$*UTF8*$!
{
	archiveVersion = 1;
	classes = {
	};
	objectVersion = 56;
	objects = {

/* Begin PBXBuildFile section */
		97566C422B2B24AB002DFA75 /* CoinTossApp.swift in Sources */ = {isa = PBXBuildFile; fileRef = 97566C412B2B24AB002DFA75 /* CoinTossApp.swift */; };
		97566C442B2B24AB002DFA75 /* ContentView.swift in Sources */ = {isa = PBXBuildFile; fileRef = 97566C432B2B24AB002DFA75 /* ContentView.swift */; };
		97566C462B2B24AC002DFA75 /* Assets.xcassets in Resources */ = {isa = PBXBuildFile; fileRef = 97566C452B2B24AC002DFA75 /* Assets.xcassets */; };
		97566C492B2B24AC002DFA75 /* Preview Assets.xcassets in Resources */ = {isa = PBXBuildFile; fileRef = 97566C482B2B24AC002DFA75 /* Preview Assets.xcassets */; };
		97566C532B2B24AC002DFA75 /* CoinTossTests.swift in Sources */ = {isa = PBXBuildFile; fileRef = 97566C522B2B24AC002DFA75 /* CoinTossTests.swift */; };
/* End PBXBuildFile section */

/* Begin PBXContainerItemProxy section */
		97566C4F2B2B24AC002DFA75 /* PBXContainerItemProxy */ = {
			isa = PBXContainerItemProxy;
			containerPortal = 97566C362B2B24AB002DFA75 /* Project object */;
			proxyType = 1;
			remoteGlobalIDString = 97566C3D2B2B24AB002DFA75;
			remoteInfo = CoinToss;
		};
/* End PBXContainerItemProxy section */

/* Begin PBXFileReference section */
		97566C3E2B2B24AB002DFA75 /* CoinToss.app */ = {isa = PBXFileReference; explicitFileType = wrapper.application; includeInIndex = 0; path = CoinToss.app; sourceTree = BUILT_PRODUCTS_DIR; };
		97566C412B2B24AB002DFA75 /* CoinTossApp.swift */ = {isa = PBXFileReference; lastKnownFileType = sourcecode.swift; path = CoinTossApp.swift; sourceTree = "<group>"; };
		97566C432B2B24AB002DFA75 /* ContentView.swift */ = {isa = PBXFileReference; lastKnownFileType = sourcecode.swift; path = ContentView.swift; sourceTree = "<group>"; };
		97566C452B2B24AC002DFA75 /* Assets.xcassets */ = {isa = PBXFileReference; lastKnownFileType = folder.assetcatalog; path = Assets.xcassets; sourceTree = "<group>"; };
		97566C482B2B24AC002DFA75 /* Preview Assets.xcassets */ = {isa = PBXFileReference; lastKnownFileType = folder.assetcatalog; path = "Preview Assets.xcassets"; sourceTree = "<group>"; };
		97566C4E2B2B24AC002DFA75 /* CoinTossTests.xctest */ = {isa = PBXFileReference; explicitFileType = wrapper.cfbundle; includeInIndex = 0; path = CoinTossTests.xctest; sourceTree = BUILT_PRODUCTS_DIR; };
		97566C522B2B24AC002DFA75 /* CoinTossTests.swift */ = {isa = PBXFileReference; lastKnownFileType = sourcecode.swift; path = CoinTossTests.swift; sourceTree = "<group>"; };
/* End PBXFileReference section */

/* Begin PBXFrameworksBuildPhase section */
		97566C3B2B2B24AB002DFA75 /* Frameworks */ = {
			isa = PBXFrameworksBuildPhase;
			buildActionMask = 2147483647;
			files = (
			);
			runOnlyForDeploymentPostprocessing = 0;
		};
		97566C4B2B2B24AC002DFA75 /* Frameworks */ = {
			isa = PBXFrameworksBuildPhase;
			buildActionMask = 2147483647;
			files = (
			);
			runOnlyForDeploymentPostprocessing = 0;
		};
/* End PBXFrameworksBuildPhase section */

/* Begin PBXGroup section */
		97566C352B2B24AB002DFA75 = {
			isa = PBXGroup;
			children = (
				97566C402B2B24AB002DFA75 /* CoinToss */,
				97566C512B2B24AC002DFA75 /* CoinTossTests */,
				97566C3F2B2B24AB002DFA75 /* Products */,
			);
			sourceTree = "<group>";
		};
		97566C3F2B2B24AB002DFA75 /* Products */ = {
			isa = PBXGroup;
			children = (
				97566C3E2B2B24AB002DFA75 /* CoinToss.app */,
				97566C4E2B2B24AC002DFA75 /* CoinTossTests.xctest */,
			);
			name = Products;
			sourceTree = "<group>";
		};
		97566C402B2B24AB002DFA75 /* CoinToss */ = {
			isa = PBXGroup;
			children = (
				97566C412B2B24AB002DFA75 /* CoinTossApp.swift */,
				97566C432B2B24AB002DFA75 /* ContentView.swift */,
				97566C452B2B24AC002DFA75 /* Assets.xcassets */,
				97566C472B2B24AC002DFA75 /* Preview Content */,
			);
			path = CoinToss;
			sourceTree = "<group>";
		};
		97566C472B2B24AC002DFA75 /* Preview Content */ = {
			isa = PBXGroup;
			children = (
				97566C482B2B24AC002DFA75 /* Preview Assets.xcassets */,
			);
			path = "Preview Content";
			sourceTree = "<group>";
		};
		97566C512B2B24AC002DFA75 /* CoinTossTests */ = {
			isa = PBXGroup;
			children = (
				97566C522B2B24AC002DFA75 /* CoinTossTests.swift */,
			);
			path = CoinTossTests;
			sourceTree = "<group>";
		};
/* End PBXGroup section */

/* Begin PBXNativeTarget section */
		97566C3D2B2B24AB002DFA75 /* CoinToss */ = {
			isa = PBXNativeTarget;
			buildConfigurationList = 97566C622B2B24AC002DFA75 /* Build configuration list for PBXNativeTarget "CoinToss" */;
			buildPhases = (
				97566C3A2B2B24AB002DFA75 /* Sources */,
				97566C3B2B2B24AB002DFA75 /* Frameworks */,
				97566C3C2B2B24AB002DFA75 /* Resources */,
			);
			buildRules = (
			);
			dependencies = (
			);
			name = CoinToss;
			productName = CoinToss;
			productReference = 97566C3E2B2B24AB002DFA75 /* CoinToss.app */;
			productType = "com.apple.product-type.application";
		};
		97566C4D2B2B24AC002DFA75 /* CoinTossTests */ = {
			isa = PBXNativeTarget;
			buildConfigurationList = 97566C652B2B24AC002DFA75 /* Build configuration list for PBXNativeTarget "CoinTossTests" */;
			buildPhases = (
				97566C4A2B2B24AC002DFA75 /* Sources */,
				97566C4B2B2B24AC002DFA75 /* Frameworks */,
				97566C4C2B2B24AC002DFA75 /* Resources */,
			);
			buildRules = (
			);
			dependencies = (
				97566C502B2B24AC002DFA75 /* PBXTargetDependency */,
			);
			name = CoinTossTests;
			productName = CoinTossTests;
			productReference = 97566C4E2B2B24AC002DFA75 /* CoinTossTests.xctest */;
			productType = "com.apple.product-type.bundle.unit-test";
		};
/* End PBXNativeTarget section */

/* Begin PBXProject section */
		97566C362B2B24AB002DFA75 /* Project object */ = {
			isa = PBXProject;
			attributes = {
				BuildIndependentTargetsInParallel = 1;
				LastSwiftUpdateCheck = 1510;
				LastUpgradeCheck = 1510;
				TargetAttributes = {
					97566C3D2B2B24AB002DFA75 = {
						CreatedOnToolsVersion = 15.1;
					};
					97566C4D2B2B24AC002DFA75 = {
						CreatedOnToolsVersion = 15.1;
						TestTargetID = 97566C3D2B2B24AB002DFA75;
					};
				};
			};
			buildConfigurationList = 97566C392B2B24AB002DFA75 /* Build configuration list for PBXProject "CoinToss" */;
			compatibilityVersion = "Xcode 14.0";
			developmentRegion = en;
			hasScannedForEncodings = 0;
			knownRegions = (
				en,
				Base,
			);
			mainGroup = 97566C352B2B24AB002DFA75;
			productRefGroup = 97566C3F2B2B24AB002DFA75 /* Products */;
			projectDirPath = "";
			projectRoot = "";
			targets = (
				97566C3D2B2B24AB002DFA75 /* CoinToss */,
				97566C4D2B2B24AC002DFA75 /* CoinTossTests */,
			);
		};
/* End PBXProject section */

/* Begin PBXResourcesBuildPhase section */
		97566C3C2B2B24AB002DFA75 /* Resources */ = {
			isa = PBXResourcesBuildPhase;
			buildActionMask = 2147483647;
			files = (
				97566C492B2B24AC002DFA75 /* Preview Assets.xcassets in Resources */,
				97566C462B2B24AC002DFA75 /* Assets.xcassets in Resources */,
			);
			runOnlyForDeploymentPostprocessing = 0;
		};
		97566C4C2B2B24AC002DFA75 /* Resources */ = {
			isa = PBXResourcesBuildPhase;
			buildActionMask = 2147483647;
			files = (
			);
			runOnlyForDeploymentPostprocessing = 0;
		};
/* End PBXResourcesBuildPhase section */

/* Begin PBXSourcesBuildPhase section */
		97566C3A2B2B24AB002DFA75 /* Sources */ = {
			isa = PBXSourcesBuildPhase;
			buildActionMask = 2147483647;
			files = (
				97566C442B2B24AB002DFA75 /* ContentView.swift in Sources */,
				97566C422B2B24AB002DFA75 /* CoinTossApp.swift in Sources */,
			);
			runOnlyForDeploymentPostprocessing = 0;
		};
		97566C4A2B2B24AC002DFA75 /* Sources */ = {
			isa = PBXSourcesBuildPhase;
			buildActionMask = 2147483647;
			files = (
				97566C532B2B24AC002DFA75 /* CoinTossTests.swift in Sources */,
			);
			runOnlyForDeploymentPostprocessing = 0;
		};
/* End PBXSourcesBuildPhase section */

/* Begin PBXTargetDependency section */
		97566C502B2B24AC002DFA75 /* PBXTargetDependency */ = {
			isa = PBXTargetDependency;
			target = 97566C3D2B2B24AB002DFA75 /* CoinToss */;
			targetProxy = 97566C4F2B2B24AC002DFA75 /* PBXContainerItemProxy */;
		};
/* End PBXTargetDependency section */

/* Begin XCBuildConfiguration section */
		97566C602B2B24AC002DFA75 /* Debug */ = {
			isa = XCBuildConfiguration;
			buildSettings = {
				ALWAYS_SEARCH_USER_PATHS = NO;
				ASSETCATALOG_COMPILER_GENERATE_SWIFT_ASSET_SYMBOL_EXTENSIONS = YES;
				CLANG_ANALYZER_NONNULL = YES;
				CLANG_ANALYZER_NUMBER_OBJECT_CONVERSION = YES_AGGRESSIVE;
				CLANG_CXX_LANGUAGE_STANDARD = "gnu++20";
				CLANG_ENABLE_MODULES = YES;
				CLANG_ENABLE_OBJC_ARC = YES;
				CLANG_ENABLE_OBJC_WEAK = YES;
				CLANG_WARN_BLOCK_CAPTURE_AUTORELEASING = YES;
				CLANG_WARN_BOOL_CONVERSION = YES;
				CLANG_WARN_COMMA = YES;
				CLANG_WARN_CONSTANT_CONVERSION = YES;
				CLANG_WARN_DEPRECATED_OBJC_IMPLEMENTATIONS = YES;
				CLANG_WARN_DIRECT_OBJC_ISA_USAGE = YES_ERROR;
				CLANG_WARN_DOCUMENTATION_COMMENTS = YES;
				CLANG_WARN_EMPTY_BODY = YES;
				CLANG_WARN_ENUM_CONVERSION = YES;
				CLANG_WARN_INFINITE_RECURSION = YES;
				CLANG_WARN_INT_CONVERSION = YES;
				CLANG_WARN_NON_LITERAL_NULL_CONVERSION = YES;
				CLANG_WARN_OBJC_IMPLICIT_RETAIN_SELF = YES;
				CLANG_WARN_OBJC_LITERAL_CONVERSION = YES;
				CLANG_WARN_OBJC_ROOT_CLASS = YES_ERROR;
				CLANG_WARN_QUOTED_INCLUDE_IN_FRAMEWORK_HEADER = YES;
				CLANG_WARN_RANGE_LOOP_ANALYSIS = YES;
				CLANG_WARN_STRICT_PROTOTYPES = YES;
				CLANG_WARN_SUSPICIOUS_MOVE = YES;
				CLANG_WARN_UNGUARDED_AVAILABILITY = YES_AGGRESSIVE;
				CLANG_WARN_UNREACHABLE_CODE = YES;
				CLANG_WARN__DUPLICATE_METHOD_MATCH = YES;
				COPY_PHASE_STRIP = NO;
				DEBUG_INFORMATION_FORMAT = dwarf;
				ENABLE_STRICT_OBJC_MSGSEND = YES;
				ENABLE_TESTABILITY = YES;
				ENABLE_USER_SCRIPT_SANDBOXING = YES;
				GCC_C_LANGUAGE_STANDARD = gnu17;
				GCC_DYNAMIC_NO_PIC = NO;
				GCC_NO_COMMON_BLOCKS = YES;
				GCC_OPTIMIZATION_LEVEL = 0;
				GCC_PREPROCESSOR_DEFINITIONS = (
					"DEBUG=1",
					"$(inherited)",
				);
				GCC_WARN_64_TO_32_BIT_CONVERSION = YES;
				GCC_WARN_ABOUT_RETURN_TYPE = YES_ERROR;
				GCC_WARN_UNDECLARED_SELECTOR = YES;
				GCC_WARN_UNINITIALIZED_AUTOS = YES_AGGRESSIVE;
				GCC_WARN_UNUSED_FUNCTION = YES;
				GCC_WARN_UNUSED_VARIABLE = YES;
				IPHONEOS_DEPLOYMENT_TARGET = 17.0;
				LOCALIZATION_PREFERS_STRING_CATALOGS = YES;
				MTL_ENABLE_DEBUG_INFO = INCLUDE_SOURCE;
				MTL_FAST_MATH = YES;
				ONLY_ACTIVE_ARCH = YES;
				SDKROOT = iphoneos;
				SWIFT_ACTIVE_COMPILATION_CONDITIONS = "DEBUG $(inherited)";
				SWIFT_OPTIMIZATION_LEVEL = "-Onone";
			};
			name = Debug;
		};
		97566C612B2B24AC002DFA75 /* Release */ = {
			isa = XCBuildConfiguration;
			buildSettings = {
				ALWAYS_SEARCH_USER_PATHS = NO;
				ASSETCATALOG_COMPILER_GENERATE_SWIFT_ASSET_SYMBOL_EXTENSIONS = YES;
				CLANG_ANALYZER_NONNULL = YES;
				CLANG_ANALYZER_NUMBER_OBJECT_CONVERSION = YES_AGGRESSIVE;
				CLANG_CXX_LANGUAGE_STANDARD = "gnu++20";
				CLANG_ENABLE_MODULES = YES;
				CLANG_ENABLE_OBJC_ARC = YES;
				CLANG_ENABLE_OBJC_WEAK = YES;
				CLANG_WARN_BLOCK_CAPTURE_AUTORELEASING = YES;
				CLANG_WARN_BOOL_CONVERSION = YES;
				CLANG_WARN_COMMA = YES;
				CLANG_WARN_CONSTANT_CONVERSION = YES;
				CLANG_WARN_DEPRECATED_OBJC_IMPLEMENTATIONS = YES;
				CLANG_WARN_DIRECT_OBJC_ISA_USAGE = YES_ERROR;
				CLANG_WARN_DOCUMENTATION_COMMENTS = YES;
				CLANG_WARN_EMPTY_BODY = YES;
				CLANG_WARN_ENUM_CONVERSION = YES;
				CLANG_WARN_INFINITE_RECURSION = YES;
				CLANG_WARN_INT_CONVERSION = YES;
				CLANG_WARN_NON_LITERAL_NULL_CONVERSION = YES;
				CLANG_WARN_OBJC_IMPLICIT_RETAIN_SELF = YES;
				CLANG_WARN_OBJC_LITERAL_CONVERSION = YES;
				CLANG_WARN_OBJC_ROOT_CLASS = YES_ERROR;
				CLANG_WARN_QUOTED_INCLUDE_IN_FRAMEWORK_HEADER = YES;
				CLANG_WARN_RANGE_LOOP_ANALYSIS = YES;
				CLANG_WARN_STRICT_PROTOTYPES = YES;
				CLANG_WARN_SUSPICIOUS_MOVE = YES;
				CLANG_WARN_UNGUARDED_AVAILABILITY = YES_AGGRESSIVE;
				CLANG_WARN_UNREACHABLE_CODE = YES;
				CLANG_WARN__DUPLICATE_METHOD_MATCH = YES;
				COPY_PHASE_STRIP = NO;
				DEBUG_INFORMATION_FORMAT = "dwarf-with-dsym";
				ENABLE_NS_ASSERTIONS = NO;
				ENABLE_STRICT_OBJC_MSGSEND = YES;
				ENABLE_USER_SCRIPT_SANDBOXING = YES;
				GCC_C_LANGUAGE_STANDARD = gnu17;
				GCC_NO_COMMON_BLOCKS = YES;
				GCC_WARN_64_TO_32_BIT_CONVERSION = YES;
				GCC_WARN_ABOUT_RETURN_TYPE = YES_ERROR;
				GCC_WARN_UNDECLARED_SELECTOR = YES;
				GCC_WARN_UNINITIALIZED_AUTOS = YES_AGGRESSIVE;
				GCC_WARN_UNUSED_FUNCTION = YES;
				GCC_WARN_UNUSED_VARIABLE = YES;
				IPHONEOS_DEPLOYMENT_TARGET = 17.0;
				LOCALIZATION_PREFERS_STRING_CATALOGS = YES;
				MTL_ENABLE_DEBUG_INFO = NO;
				MTL_FAST_MATH = YES;
				SDKROOT = iphoneos;
				SWIFT_COMPILATION_MODE = wholemodule;
				VALIDATE_PRODUCT = YES;
			};
			name = Release;
		};
		97566C632B2B24AC002DFA75 /* Debug */ = {
			isa = XCBuildConfiguration;
			buildSettings = {
				ASSETCATALOG_COMPILER_APPICON_NAME = AppIcon;
				ASSETCATALOG_COMPILER_GLOBAL_ACCENT_COLOR_NAME = AccentColor;
				CODE_SIGN_STYLE = Automatic;
				CURRENT_PROJECT_VERSION = 1;
				DEVELOPMENT_ASSET_PATHS = "\"CoinToss/Preview Content\"";
				DEVELOPMENT_TEAM = 2V4975L824;
				ENABLE_PREVIEWS = YES;
				GENERATE_INFOPLIST_FILE = YES;
				INFOPLIST_KEY_UIApplicationSceneManifest_Generation = YES;
				INFOPLIST_KEY_UIApplicationSupportsIndirectInputEvents = YES;
				INFOPLIST_KEY_UILaunchScreen_Generation = YES;
				INFOPLIST_KEY_UISupportedInterfaceOrientations_iPad = "UIInterfaceOrientationPortrait UIInterfaceOrientationPortraitUpsideDown UIInterfaceOrientationLandscapeLeft UIInterfaceOrientationLandscapeRight";
				INFOPLIST_KEY_UISupportedInterfaceOrientations_iPhone = "UIInterfaceOrientationPortrait UIInterfaceOrientationLandscapeLeft UIInterfaceOrientationLandscapeRight";
				LD_RUNPATH_SEARCH_PATHS = (
					"$(inherited)",
					"@executable_path/Frameworks",
				);
				MARKETING_VERSION = 1.0;
				PRODUCT_BUNDLE_IDENTIFIER = jp.co.lilossa.CoinToss;
				PRODUCT_NAME = "$(TARGET_NAME)";
				SWIFT_EMIT_LOC_STRINGS = YES;
				SWIFT_VERSION = 5.0;
				TARGETED_DEVICE_FAMILY = "1,2";
			};
			name = Debug;
		};
		97566C642B2B24AC002DFA75 /* Release */ = {
			isa = XCBuildConfiguration;
			buildSettings = {
				ASSETCATALOG_COMPILER_APPICON_NAME = AppIcon;
				ASSETCATALOG_COMPILER_GLOBAL_ACCENT_COLOR_NAME = AccentColor;
				CODE_SIGN_STYLE = Automatic;
				CURRENT_PROJECT_VERSION = 1;
				DEVELOPMENT_ASSET_PATHS = "\"CoinToss/Preview Content\"";
				DEVELOPMENT_TEAM = 2V4975L824;
				ENABLE_PREVIEWS = YES;
				GENERATE_INFOPLIST_FILE = YES;
				INFOPLIST_KEY_UIApplicationSceneManifest_Generation = YES;
				INFOPLIST_KEY_UIApplicationSupportsIndirectInputEvents = YES;
				INFOPLIST_KEY_UILaunchScreen_Generation = YES;
				INFOPLIST_KEY_UISupportedInterfaceOrientations_iPad = "UIInterfaceOrientationPortrait UIInterfaceOrientationPortraitUpsideDown UIInterfaceOrientationLandscapeLeft UIInterfaceOrientationLandscapeRight";
				INFOPLIST_KEY_UISupportedInterfaceOrientations_iPhone = "UIInterfaceOrientationPortrait UIInterfaceOrientationLandscapeLeft UIInterfaceOrientationLandscapeRight";
				LD_RUNPATH_SEARCH_PATHS = (
					"$(inherited)",
					"@executable_path/Frameworks",
				);
				MARKETING_VERSION = 1.0;
				PRODUCT_BUNDLE_IDENTIFIER = jp.co.lilossa.CoinToss;
				PRODUCT_NAME = "$(TARGET_NAME)";
				SWIFT_EMIT_LOC_STRINGS = YES;
				SWIFT_VERSION = 5.0;
				TARGETED_DEVICE_FAMILY = "1,2";
			};
			name = Release;
		};
		97566C662B2B24AC002DFA75 /* Debug */ = {
			isa = XCBuildConfiguration;
			buildSettings = {
				ALWAYS_EMBED_SWIFT_STANDARD_LIBRARIES = YES;
				BUNDLE_LOADER = "$(TEST_HOST)";
				CODE_SIGN_STYLE = Automatic;
				CURRENT_PROJECT_VERSION = 1;
				DEVELOPMENT_TEAM = 2V4975L824;
				GENERATE_INFOPLIST_FILE = YES;
				IPHONEOS_DEPLOYMENT_TARGET = 17.2;
				MARKETING_VERSION = 1.0;
				PRODUCT_BUNDLE_IDENTIFIER = jp.co.lilossa.CoinTossTests;
				PRODUCT_NAME = "$(TARGET_NAME)";
				SWIFT_EMIT_LOC_STRINGS = NO;
				SWIFT_VERSION = 5.0;
				TARGETED_DEVICE_FAMILY = "1,2";
				TEST_HOST = "$(BUILT_PRODUCTS_DIR)/CoinToss.app/$(BUNDLE_EXECUTABLE_FOLDER_PATH)/CoinToss";
			};
			name = Debug;
		};
		97566C672B2B24AC002DFA75 /* Release */ = {
			isa = XCBuildConfiguration;
			buildSettings = {
				ALWAYS_EMBED_SWIFT_STANDARD_LIBRARIES = YES;
				BUNDLE_LOADER = "$(TEST_HOST)";
				CODE_SIGN_STYLE = Automatic;
				CURRENT_PROJECT_VERSION = 1;
				DEVELOPMENT_TEAM = 2V4975L824;
				GENERATE_INFOPLIST_FILE = YES;
				IPHONEOS_DEPLOYMENT_TARGET = 17.2;
				MARKETING_VERSION = 1.0;
				PRODUCT_BUNDLE_IDENTIFIER = jp.co.lilossa.CoinTossTests;
				PRODUCT_NAME = "$(TARGET_NAME)";
				SWIFT_EMIT_LOC_STRINGS = NO;
				SWIFT_VERSION = 5.0;
				TARGETED_DEVICE_FAMILY = "1,2";
				TEST_HOST = "$(BUILT_PRODUCTS_DIR)/CoinToss.app/$(BUNDLE_EXECUTABLE_FOLDER_PATH)/CoinToss";
			};
			name = Release;
		};
/* End XCBuildConfiguration section */

/* Begin XCConfigurationList section */
		97566C392B2B24AB002DFA75 /* Build configuration list for PBXProject "CoinToss" */ = {
			isa = XCConfigurationList;
			buildConfigurations = (
				97566C602B2B24AC002DFA75 /* Debug */,
				97566C612B2B24AC002DFA75 /* Release */,
			);
			defaultConfigurationIsVisible = 0;
			defaultConfigurationName = Release;
		};
		97566C622B2B24AC002DFA75 /* Build configuration list for PBXNativeTarget "CoinToss" */ = {
			isa = XCConfigurationList;
			buildConfigurations = (
				97566C632B2B24AC002DFA75 /* Debug */,
				97566C642B2B24AC002DFA75 /* Release */,
			);
			defaultConfigurationIsVisible = 0;
			defaultConfigurationName = Release;
		};
		97566C652B2B24AC002DFA75 /* Build configuration list for PBXNativeTarget "CoinTossTests" */ = {
			isa = XCConfigurationList;
			buildConfigurations = (
				97566C662B2B24AC002DFA75 /* Debug */,
				97566C672B2B24AC002DFA75 /* Release */,
			);
			defaultConfigurationIsVisible = 0;
			defaultConfigurationName = Release;
		};
/* End XCConfigurationList section */
	};
	rootObject = 97566C362B2B24AB002DFA75 /* Project object */;
}
